
Microsoft Visual Studio Solution File, Format Version 12.00
# Visual Studio 15
VisualStudioVersion = 15.0.28307.271
MinimumVisualStudioVersion = 10.0.40219.1
Project("{FAE04EC0-301F-11D3-BF4B-00C04F79EFBC}") = "SampleApp", "SampleApp\SampleApp.csproj", "{287B632E-5C79-43EE-B348-65189AE4F102}"
EndProject
Project("{FAE04EC0-301F-11D3-BF4B-00C04F79EFBC}") = "CSharp-SMTP-Server", "CSharp-SMTP-Server\CSharp-SMTP-Server.csproj", "{80D4CD9C-7FCE-451F-8345-75CB1F376A67}"
EndProject
Global
	GlobalSection(SolutionConfigurationPlatforms) = preSolution
		Debug|Any CPU = Debug|Any CPU
		Release|Any CPU = Release|Any CPU
	EndGlobalSection
	GlobalSection(ProjectConfigurationPlatforms) = postSolution
		{287B632E-5C79-43EE-B348-65189AE4F102}.Debug|Any CPU.ActiveCfg = Debug|Any CPU
		{287B632E-5C79-43EE-B348-65189AE4F102}.Debug|Any CPU.Build.0 = Debug|Any CPU
		{287B632E-5C79-43EE-B348-65189AE4F102}.Release|Any CPU.ActiveCfg = Release|Any CPU
		{287B632E-5C79-43EE-B348-65189AE4F102}.Release|Any CPU.Build.0 = Release|Any CPU
		{80D4CD9C-7FCE-451F-8345-75CB1F376A67}.Debug|Any CPU.ActiveCfg = Debug|Any CPU
		{80D4CD9C-7FCE-451F-8345-75CB1F376A67}.Debug|Any CPU.Build.0 = Debug|Any CPU
		{80D4CD9C-7FCE-451F-8345-75CB1F376A67}.Release|Any CPU.ActiveCfg = Release|Any CPU
		{80D4CD9C-7FCE-451F-8345-75CB1F376A67}.Release|Any CPU.Build.0 = Release|Any CPU
	EndGlobalSection
	GlobalSection(SolutionProperties) = preSolution
		HideSolutionNode = FALSE
	EndGlobalSection
	GlobalSection(ExtensibilityGlobals) = postSolution
		SolutionGuid = {215010E9-23DF-4D29-B93E-0E721F5E432F}
	EndGlobalSection
EndGlobal
